
Microsoft Visual Studio Solution File, Format Version 12.00
# Visual Studio Version 16
VisualStudioVersion = 16.0.30204.135
MinimumVisualStudioVersion = 10.0.40219.1
Project("{FAE04EC0-301F-11D3-BF4B-00C04F79EFBC}") = "SerialPortControl", "SerialPortControl\SerialPortControl.csproj", "{8CD944E1-DA4B-4AD6-ADCD-3D87052110AF}"
EndProject
Global
	GlobalSection(SolutionConfigurationPlatforms) = preSolution
		Debug|Any CPU = Debug|Any CPU
		Release|Any CPU = Release|Any CPU
	EndGlobalSection
	GlobalSection(ProjectConfigurationPlatforms) = postSolution
		{8CD944E1-DA4B-4AD6-ADCD-3D87052110AF}.Debug|Any CPU.ActiveCfg = Debug|Any CPU
		{8CD944E1-DA4B-4AD6-ADCD-3D87052110AF}.Debug|Any CPU.Build.0 = Debug|Any CPU
		{8CD944E1-DA4B-4AD6-ADCD-3D87052110AF}.Release|Any CPU.ActiveCfg = Release|Any CPU
		{8CD944E1-DA4B-4AD6-ADCD-3D87052110AF}.Release|Any CPU.Build.0 = Release|Any CPU
	EndGlobalSection
	GlobalSection(SolutionProperties) = preSolution
		HideSolutionNode = FALSE
	EndGlobalSection
	GlobalSection(ExtensibilityGlobals) = postSolution
		SolutionGuid = {787DAFB2-A401-47D0-B6DC-C0D6FDB181C8}
	EndGlobalSection
EndGlobal
